
Microsoft Visual Studio Solution File, Format Version 12.00
# Visual Studio Version 16
VisualStudioVersion = 16.0.30011.22
MinimumVisualStudioVersion = 10.0.40219.1
Project("{9A19103F-16F7-4668-BE54-9A1E7A4F7556}") = "LuanNiao.Core", "Core\LuanNiao.Core\LuanNiao.Core.csproj", "{962E79CA-612C-4102-93B5-5142912E1384}"
EndProject
Project("{2150E333-8FDC-42A3-9474-1A3956D46DE8}") = "Solution Items", "Solution Items", "{27941070-774C-4D55-81CA-C8863AF3E9B2}"
	ProjectSection(SolutionItems) = preProject
		.editorconfig = .editorconfig
	EndProjectSection
EndProject
Project("{9A19103F-16F7-4668-BE54-9A1E7A4F7556}") = "Z.LuanNiao.Core.Test", "Core\Z.LuanNiao.Core.Test\Z.LuanNiao.Core.Test.csproj", "{D228D3BA-B486-4F00-BC75-8152DB0568F3}"
EndProject
Project("{9A19103F-16F7-4668-BE54-9A1E7A4F7556}") = "Z.LuanNiao.Core.Performance.Test", "Core\Z.LuanNiao.Core.Performance.Test\Z.LuanNiao.Core.Performance.Test.csproj", "{487DD33A-3219-47A6-A23F-527DD27926D2}"
EndProject
Project("{2150E333-8FDC-42A3-9474-1A3956D46DE8}") = "Core", "Core", "{7E8091ED-80FC-4D37-B5C9-11F2A97CF66E}"
EndProject
Project("{2150E333-8FDC-42A3-9474-1A3956D46DE8}") = "Extends", "Extends", "{46291BD5-7E98-4DCD-967C-E200F9A73B11}"
EndProject
Project("{9A19103F-16F7-4668-BE54-9A1E7A4F7556}") = "LuanNiao.JsonConverterExtends", "Extends\LuanNiao.JsonConverterExtends\LuanNiao.JsonConverterExtends.csproj", "{06038744-D913-40BB-AACF-E8FF16A3E36B}"
EndProject
Project("{2150E333-8FDC-42A3-9474-1A3956D46DE8}") = "Services", "Services", "{CAAF1B4F-FE68-44BA-A1B6-D9D14DD9A560}"
EndProject
Project("{9A19103F-16F7-4668-BE54-9A1E7A4F7556}") = "LuanNiao.Service.History", "Services\LuanNiao.Service.History\LuanNiao.Service.History.csproj", "{E9588136-7AC8-4907-B14F-B2A92F40F00E}"
EndProject
Project("{9A19103F-16F7-4668-BE54-9A1E7A4F7556}") = "LuanNiao.Service.Grapher", "Services\LuanNiao.Service.Grapher\LuanNiao.Service.Grapher.csproj", "{13D96725-6A9E-4205-B2FC-FEBF59D8BC0C}"
EndProject
Project("{9A19103F-16F7-4668-BE54-9A1E7A4F7556}") = "Z.LuanNiao.Service.Performance.Test", "Services\Z.LuanNiao.Service.Performance.Test\Z.LuanNiao.Service.Performance.Test.csproj", "{CD879149-2316-42A3-8F6E-1D2D79313204}"
EndProject
Project("{9A19103F-16F7-4668-BE54-9A1E7A4F7556}") = "Z.LuanNiao.Service.Test", "Services\Z.LuanNiao.Service.Test\Z.LuanNiao.Service.Test.csproj", "{791E29BA-A93F-43B2-A089-E672EF3FDC58}"
EndProject
Project("{9A19103F-16F7-4668-BE54-9A1E7A4F7556}") = "LuanNiao.Service.Grapher.Extends.Sqlite", "LuanNiao.Service.Grapher.Extends.Sqlite\LuanNiao.Service.Grapher.Extends.Sqlite.csproj", "{B558DB7C-8D9F-4348-B715-B899C98A7DD3}"
EndProject
Project("{FAE04EC0-301F-11D3-BF4B-00C04F79EFBC}") = "Z.LuanNiao.Extends.Test", "Extends\Z.LuanNiao.Extends.Test\Z.LuanNiao.Extends.Test.csproj", "{0B40B5A8-041E-4548-8605-B6F7C672E03C}"
EndProject
Global
	GlobalSection(SolutionConfigurationPlatforms) = preSolution
		Debug|Any CPU = Debug|Any CPU
		Release|Any CPU = Release|Any CPU
	EndGlobalSection
	GlobalSection(ProjectConfigurationPlatforms) = postSolution
		{962E79CA-612C-4102-93B5-5142912E1384}.Debug|Any CPU.ActiveCfg = Debug|Any CPU
		{962E79CA-612C-4102-93B5-5142912E1384}.Debug|Any CPU.Build.0 = Debug|Any CPU
		{962E79CA-612C-4102-93B5-5142912E1384}.Release|Any CPU.ActiveCfg = Release|Any CPU
		{962E79CA-612C-4102-93B5-5142912E1384}.Release|Any CPU.Build.0 = Release|Any CPU
		{D228D3BA-B486-4F00-BC75-8152DB0568F3}.Debug|Any CPU.ActiveCfg = Debug|Any CPU
		{D228D3BA-B486-4F00-BC75-8152DB0568F3}.Debug|Any CPU.Build.0 = Debug|Any CPU
		{D228D3BA-B486-4F00-BC75-8152DB0568F3}.Release|Any CPU.ActiveCfg = Release|Any CPU
		{D228D3BA-B486-4F00-BC75-8152DB0568F3}.Release|Any CPU.Build.0 = Release|Any CPU
		{487DD33A-3219-47A6-A23F-527DD27926D2}.Debug|Any CPU.ActiveCfg = Debug|Any CPU
		{487DD33A-3219-47A6-A23F-527DD27926D2}.Debug|Any CPU.Build.0 = Debug|Any CPU
		{487DD33A-3219-47A6-A23F-527DD27926D2}.Release|Any CPU.ActiveCfg = Release|Any CPU
		{487DD33A-3219-47A6-A23F-527DD27926D2}.Release|Any CPU.Build.0 = Release|Any CPU
		{06038744-D913-40BB-AACF-E8FF16A3E36B}.Debug|Any CPU.ActiveCfg = Debug|Any CPU
		{06038744-D913-40BB-AACF-E8FF16A3E36B}.Debug|Any CPU.Build.0 = Debug|Any CPU
		{06038744-D913-40BB-AACF-E8FF16A3E36B}.Release|Any CPU.ActiveCfg = Release|Any CPU
		{06038744-D913-40BB-AACF-E8FF16A3E36B}.Release|Any CPU.Build.0 = Release|Any CPU
		{E9588136-7AC8-4907-B14F-B2A92F40F00E}.Debug|Any CPU.ActiveCfg = Debug|Any CPU
		{E9588136-7AC8-4907-B14F-B2A92F40F00E}.Debug|Any CPU.Build.0 = Debug|Any CPU
		{E9588136-7AC8-4907-B14F-B2A92F40F00E}.Release|Any CPU.ActiveCfg = Release|Any CPU
		{E9588136-7AC8-4907-B14F-B2A92F40F00E}.Release|Any CPU.Build.0 = Release|Any CPU
		{13D96725-6A9E-4205-B2FC-FEBF59D8BC0C}.Debug|Any CPU.ActiveCfg = Debug|Any CPU
		{13D96725-6A9E-4205-B2FC-FEBF59D8BC0C}.Debug|Any CPU.Build.0 = Debug|Any CPU
		{13D96725-6A9E-4205-B2FC-FEBF59D8BC0C}.Release|Any CPU.ActiveCfg = Release|Any CPU
		{13D96725-6A9E-4205-B2FC-FEBF59D8BC0C}.Release|Any CPU.Build.0 = Release|Any CPU
		{CD879149-2316-42A3-8F6E-1D2D79313204}.Debug|Any CPU.ActiveCfg = Debug|Any CPU
		{CD879149-2316-42A3-8F6E-1D2D79313204}.Debug|Any CPU.Build.0 = Debug|Any CPU
		{CD879149-2316-42A3-8F6E-1D2D79313204}.Release|Any CPU.ActiveCfg = Release|Any CPU
		{CD879149-2316-42A3-8F6E-1D2D79313204}.Release|Any CPU.Build.0 = Release|Any CPU
		{791E29BA-A93F-43B2-A089-E672EF3FDC58}.Debug|Any CPU.ActiveCfg = Debug|Any CPU
		{791E29BA-A93F-43B2-A089-E672EF3FDC58}.Debug|Any CPU.Build.0 = Debug|Any CPU
		{791E29BA-A93F-43B2-A089-E672EF3FDC58}.Release|Any CPU.ActiveCfg = Release|Any CPU
		{791E29BA-A93F-43B2-A089-E672EF3FDC58}.Release|Any CPU.Build.0 = Release|Any CPU
		{B558DB7C-8D9F-4348-B715-B899C98A7DD3}.Debug|Any CPU.ActiveCfg = Debug|Any CPU
		{B558DB7C-8D9F-4348-B715-B899C98A7DD3}.Debug|Any CPU.Build.0 = Debug|Any CPU
		{B558DB7C-8D9F-4348-B715-B899C98A7DD3}.Release|Any CPU.ActiveCfg = Release|Any CPU
		{B558DB7C-8D9F-4348-B715-B899C98A7DD3}.Release|Any CPU.Build.0 = Release|Any CPU
		{0B40B5A8-041E-4548-8605-B6F7C672E03C}.Debug|Any CPU.ActiveCfg = Debug|Any CPU
		{0B40B5A8-041E-4548-8605-B6F7C672E03C}.Debug|Any CPU.Build.0 = Debug|Any CPU
		{0B40B5A8-041E-4548-8605-B6F7C672E03C}.Release|Any CPU.ActiveCfg = Release|Any CPU
		{0B40B5A8-041E-4548-8605-B6F7C672E03C}.Release|Any CPU.Build.0 = Release|Any CPU
	EndGlobalSection
	GlobalSection(SolutionProperties) = preSolution
		HideSolutionNode = FALSE
	EndGlobalSection
	GlobalSection(NestedProjects) = preSolution
		{962E79CA-612C-4102-93B5-5142912E1384} = {7E8091ED-80FC-4D37-B5C9-11F2A97CF66E}
		{D228D3BA-B486-4F00-BC75-8152DB0568F3} = {7E8091ED-80FC-4D37-B5C9-11F2A97CF66E}
		{487DD33A-3219-47A6-A23F-527DD27926D2} = {7E8091ED-80FC-4D37-B5C9-11F2A97CF66E}
		{06038744-D913-40BB-AACF-E8FF16A3E36B} = {46291BD5-7E98-4DCD-967C-E200F9A73B11}
		{E9588136-7AC8-4907-B14F-B2A92F40F00E} = {CAAF1B4F-FE68-44BA-A1B6-D9D14DD9A560}
		{13D96725-6A9E-4205-B2FC-FEBF59D8BC0C} = {CAAF1B4F-FE68-44BA-A1B6-D9D14DD9A560}
		{CD879149-2316-42A3-8F6E-1D2D79313204} = {CAAF1B4F-FE68-44BA-A1B6-D9D14DD9A560}
		{791E29BA-A93F-43B2-A089-E672EF3FDC58} = {CAAF1B4F-FE68-44BA-A1B6-D9D14DD9A560}
		{B558DB7C-8D9F-4348-B715-B899C98A7DD3} = {CAAF1B4F-FE68-44BA-A1B6-D9D14DD9A560}
		{0B40B5A8-041E-4548-8605-B6F7C672E03C} = {46291BD5-7E98-4DCD-967C-E200F9A73B11}
	EndGlobalSection
	GlobalSection(ExtensibilityGlobals) = postSolution
		SolutionGuid = {80793745-7E58-459A-AB37-22FDFFFA2F6C}
	EndGlobalSection
EndGlobal
