
Microsoft Visual Studio Solution File, Format Version 12.00
# Visual Studio Version 16
VisualStudioVersion = 16.0.30011.22
MinimumVisualStudioVersion = 10.0.40219.1
Project("{2150E333-8FDC-42A3-9474-1A3956D46DE8}") = "Solution Items", "Solution Items", "{27941070-774C-4D55-81CA-C8863AF3E9B2}"
	ProjectSection(SolutionItems) = preProject
		.editorconfig = .editorconfig
	EndProjectSection
EndProject
Project("{2150E333-8FDC-42A3-9474-1A3956D46DE8}") = "Core", "Core", "{916952D1-6862-45D1-9CC9-028D7831EC58}"
EndProject
Project("{2150E333-8FDC-42A3-9474-1A3956D46DE8}") = "Extends", "Extends", "{2AA8225C-EFCC-429D-A1B9-A207059D6765}"
EndProject
Project("{FAE04EC0-301F-11D3-BF4B-00C04F79EFBC}") = "LuanNiao.Core", "Core\LuanNiao.Core\LuanNiao.Core.csproj", "{9EC5A777-FBBE-4DEA-9C59-078966A2320C}"
EndProject
Project("{FAE04EC0-301F-11D3-BF4B-00C04F79EFBC}") = "Z.LuanNiao.Core.Performance.Test", "Core\Z.LuanNiao.Core.Performance.Test\Z.LuanNiao.Core.Performance.Test.csproj", "{D1E8C2F4-CBA9-4DA8-BE63-D18BAF0AC14C}"
EndProject
Project("{FAE04EC0-301F-11D3-BF4B-00C04F79EFBC}") = "Z.LuanNiao.Core.Test", "Core\Z.LuanNiao.Core.Test\Z.LuanNiao.Core.Test.csproj", "{FA64863F-284A-49A6-8316-3309BC60600D}"
EndProject
Global
	GlobalSection(SolutionConfigurationPlatforms) = preSolution
		Debug|Any CPU = Debug|Any CPU
		Release|Any CPU = Release|Any CPU
	EndGlobalSection
	GlobalSection(ProjectConfigurationPlatforms) = postSolution
		{9EC5A777-FBBE-4DEA-9C59-078966A2320C}.Debug|Any CPU.ActiveCfg = Debug|Any CPU
		{9EC5A777-FBBE-4DEA-9C59-078966A2320C}.Debug|Any CPU.Build.0 = Debug|Any CPU
		{9EC5A777-FBBE-4DEA-9C59-078966A2320C}.Release|Any CPU.ActiveCfg = Release|Any CPU
		{9EC5A777-FBBE-4DEA-9C59-078966A2320C}.Release|Any CPU.Build.0 = Release|Any CPU
		{D1E8C2F4-CBA9-4DA8-BE63-D18BAF0AC14C}.Debug|Any CPU.ActiveCfg = Debug|Any CPU
		{D1E8C2F4-CBA9-4DA8-BE63-D18BAF0AC14C}.Debug|Any CPU.Build.0 = Debug|Any CPU
		{D1E8C2F4-CBA9-4DA8-BE63-D18BAF0AC14C}.Release|Any CPU.ActiveCfg = Release|Any CPU
		{D1E8C2F4-CBA9-4DA8-BE63-D18BAF0AC14C}.Release|Any CPU.Build.0 = Release|Any CPU
		{FA64863F-284A-49A6-8316-3309BC60600D}.Debug|Any CPU.ActiveCfg = Debug|Any CPU
		{FA64863F-284A-49A6-8316-3309BC60600D}.Debug|Any CPU.Build.0 = Debug|Any CPU
		{FA64863F-284A-49A6-8316-3309BC60600D}.Release|Any CPU.ActiveCfg = Release|Any CPU
		{FA64863F-284A-49A6-8316-3309BC60600D}.Release|Any CPU.Build.0 = Release|Any CPU
	EndGlobalSection
	GlobalSection(SolutionProperties) = preSolution
		HideSolutionNode = FALSE
	EndGlobalSection
	GlobalSection(NestedProjects) = preSolution
		{9EC5A777-FBBE-4DEA-9C59-078966A2320C} = {916952D1-6862-45D1-9CC9-028D7831EC58}
		{D1E8C2F4-CBA9-4DA8-BE63-D18BAF0AC14C} = {916952D1-6862-45D1-9CC9-028D7831EC58}
		{FA64863F-284A-49A6-8316-3309BC60600D} = {916952D1-6862-45D1-9CC9-028D7831EC58}
	EndGlobalSection
	GlobalSection(ExtensibilityGlobals) = postSolution
		SolutionGuid = {80793745-7E58-459A-AB37-22FDFFFA2F6C}
	EndGlobalSection
EndGlobal
